hash: 87cad79e35e39d4351d0d445abf71f3612559cad0b0bfb35af45c10f94c5a642
updated: 2018-07-27T18:58:10.931750526+02:00
imports:
- name: code.cloudfoundry.org/lager
  version: b60e04e119450552243196105bae0d42179ee0ca
- name: github.com/gorilla/context
  version: 08b5f424b9271eedf6f9f0ce86cb9396ed337a42
- name: github.com/gorilla/mux
  version: cb4698366aa625048f3b815af6a0dea8aef9280a
- name: github.com/pivotal-cf/brokerapi
  version: d1fcddd951a6776bc01659143dda6aca057e98b7
  subpackages:
  - auth
- name: github.engineering.zhaw.ch/kaio/swift-go-broker
  version: a81f786f7276b8bcb933d4fb335f1cfdba5fe7f3
  subpackages:
  - broker
testImports: []
