hash: e09c4bb39922e9828d39c2163decfe58b75be8cdbfaf97435f847a27ceadd155
updated: 2018-09-21T17:06:30.245930924+02:00
imports:
- name: code.cloudfoundry.org/lager
  version: b60e04e119450552243196105bae0d42179ee0ca
- name: github.com/go-ini/ini
  version: fa25069db393aecc09b71267d0489b357781c860
- name: github.com/go-playground/locales
  version: f63010822830b6fe52288ee52d5a1151088ce039
  subpackages:
  - currency
- name: github.com/go-playground/universal-translator
  version: 71201497bace774495daed26a3874fd339e0b538
- name: github.com/google/go-querystring
  version: 44c6ddd0a2342c386950e880b658017258da92fc
  subpackages:
  - query
- name: github.com/gorilla/mux
  version: 9e1f5955c0d22b55d9e20d6faa28589f83b2faca
- name: github.com/minio/minio-go
  version: e8c97c88468e122f161683409cde02dc89a2961c
  subpackages:
  - pkg/credentials
  - pkg/encrypt
  - pkg/s3signer
  - pkg/s3utils
  - pkg/set
- name: github.com/mitchellh/go-homedir
  version: ae18d6b8b3205b561c79e8e5f69bff09736185f4
- name: github.com/myENA/radosgwadmin
  version: 8741f1049f3872a4b373b62372f0f8e754a22be1
- name: github.com/myENA/restclient
  version: b1e6192aef935835ec6e62987fcf61bd5bc74b7c
- name: github.com/pivotal-cf/brokerapi
  version: 1d947bc993fc9a770418577540bebabb8657980a
  subpackages:
  - auth
- name: github.com/pkg/errors
  version: c059e472caf75dbe73903f6521a20abac245b17f
- name: github.com/smartystreets/go-aws-auth
  version: 0c1422d1fdb9fef5a1ad5b2e13ac663467eb767e
- name: github.com/spkg/bom
  version: 59b7046e48ad6bac800c5e1dd5142282cbfcf154
- name: golang.org/x/crypto
  version: 0e37d006457bf46f9e6692014ba72ef82c33022c
  subpackages:
  - argon2
  - blake2b
- name: golang.org/x/net
  version: 2f5d2388922f370f4355f327fcf4cfe9f5583908
  subpackages:
  - http/httpguts
  - idna
  - publicsuffix
- name: golang.org/x/sys
  version: d641721ec2dead6fe5ca284096fe4b1fcd49e427
  subpackages:
  - cpu
- name: golang.org/x/text
  version: 905a57155faa8230500121607930ebb9dd8e139c
  subpackages:
  - secure/bidirule
  - transform
  - unicode/bidi
  - unicode/norm
- name: gopkg.in/go-playground/validator.v9
  version: e69e9a28bb62b977fdc58d051f1bb477b7cbe486
testImports:
- name: github.com/go-resty/resty
  version: 466835fff5bb6e8a38889a76deb5994f03c25ef3
- name: github.com/ncw/swift
  version: 7854abff473c41fdde529ebe4cf7db6334dd61ce
