hash: fb4f00bc483163aedd2370fec2bc1e156a4ac82fed8e0e69124dcd79878066df
updated: 2018-08-07T12:35:57.661238312+02:00
imports:
- name: code.cloudfoundry.org/lager
  version: b60e04e119450552243196105bae0d42179ee0ca
- name: github.com/go-playground/locales
  version: f63010822830b6fe52288ee52d5a1151088ce039
  subpackages:
  - currency
- name: github.com/go-playground/universal-translator
  version: 71201497bace774495daed26a3874fd339e0b538
- name: github.com/google/go-querystring
  version: 53e6ce116135b80d037921a7fdd5138cf32d7a8a
  subpackages:
  - query
- name: github.com/gorilla/context
  version: 08b5f424b9271eedf6f9f0ce86cb9396ed337a42
- name: github.com/gorilla/mux
  version: e48e440e4c92e3251d812f8ce7858944dfa3331c
- name: github.com/myENA/radosgwadmin
  version: 8741f1049f3872a4b373b62372f0f8e754a22be1
- name: github.com/myENA/restclient
  version: b1e6192aef935835ec6e62987fcf61bd5bc74b7c
- name: github.com/ncw/swift
  version: b2a7479cf26fa841ff90dd932d0221cb5c50782d
- name: github.com/pivotal-cf/brokerapi
  version: d1fcddd951a6776bc01659143dda6aca057e98b7
  subpackages:
  - auth
- name: github.com/smartystreets/go-aws-auth
  version: 0c1422d1fdb9fef5a1ad5b2e13ac663467eb767e
- name: github.com/spkg/bom
  version: 59b7046e48ad6bac800c5e1dd5142282cbfcf154
- name: gopkg.in/go-playground/validator.v9
  version: ab2a8a99087e827c9af87ed6777ba897348fb178
testImports: []
